
Microsoft Visual Studio Solution File, Format Version 11.00
# Visual Studio 2010
Project("{FAE04EC0-301F-11D3-BF4B-00C04F79EFBC}") = "Assembly-CSharp", "Assembly-CSharp.csproj", "{c65dfc3a-7769-021b-2188-458b0ebc4fab}"
EndProject
Global
	GlobalSection(SolutionConfigurationPlatforms) = preSolution
		Debug|Any CPU = Debug|Any CPU
		Release|Any CPU = Release|Any CPU
	EndGlobalSection
	GlobalSection(ProjectConfigurationPlatforms) = postSolution
		{c65dfc3a-7769-021b-2188-458b0ebc4fab}.Debug|Any CPU.ActiveCfg = Debug|Any CPU
		{c65dfc3a-7769-021b-2188-458b0ebc4fab}.Debug|Any CPU.Build.0 = Debug|Any CPU
		{c65dfc3a-7769-021b-2188-458b0ebc4fab}.Release|Any CPU.ActiveCfg = Release|Any CPU
		{c65dfc3a-7769-021b-2188-458b0ebc4fab}.Release|Any CPU.Build.0 = Release|Any CPU
	EndGlobalSection
	GlobalSection(SolutionProperties) = preSolution
		HideSolutionNode = FALSE
	EndGlobalSection
EndGlobal
